
Microsoft Visual Studio Solution File, Format Version 12.00
# Visual Studio Version 17
VisualStudioVersion = 17.11.35303.130
MinimumVisualStudioVersion = 10.0.40219.1
Project("{FAE04EC0-301F-11D3-BF4B-00C04F79EFBC}") = "KhairTravels", "KhairTravels.csproj", "{F6596D94-88F7-4BB8-9992-29C10717E743}"
EndProject
Global
	GlobalSection(SolutionConfigurationPlatforms) = preSolution
		Debug|Any CPU = Debug|Any CPU
		Release|Any CPU = Release|Any CPU
	EndGlobalSection
	GlobalSection(ProjectConfigurationPlatforms) = postSolution
		{F6596D94-88F7-4BB8-9992-29C10717E743}.Debug|Any CPU.ActiveCfg = Debug|Any CPU
		{F6596D94-88F7-4BB8-9992-29C10717E743}.Debug|Any CPU.Build.0 = Debug|Any CPU
		{F6596D94-88F7-4BB8-9992-29C10717E743}.Release|Any CPU.ActiveCfg = Release|Any CPU
		{F6596D94-88F7-4BB8-9992-29C10717E743}.Release|Any CPU.Build.0 = Release|Any CPU
	EndGlobalSection
	GlobalSection(SolutionProperties) = preSolution
		HideSolutionNode = FALSE
	EndGlobalSection
	GlobalSection(ExtensibilityGlobals) = postSolution
		SolutionGuid = {28BFD870-C80C-4997-AC7E-DA785EF70A01}
	EndGlobalSection
EndGlobal
